{
	"requires": true,
	"lockfileVersion": 1,
	"dependencies": {
		"vehicle-manufacture-network": {
			"version": "0.1.14-20180301124701",
			"resolved": "https://registry.npmjs.org/vehicle-manufacture-network/-/vehicle-manufacture-network-0.1.14-20180301124701.tgz",
			"integrity": "sha512-zLItpAwCZzf5Z9vfHqnD13xhkqO+E11wjMW2/lD+z+fxv1O9Z7CN0kwbL9k+pv8yFYlFmHAug30cLpFRPPAS7Q=="
		}
	}
}
